
Microsoft Visual Studio Solution File, Format Version 12.00
# Visual Studio Version 16
VisualStudioVersion = 16.0.30503.244
MinimumVisualStudioVersion = 10.0.40219.1
Project("{FAE04EC0-301F-11D3-BF4B-00C04F79EFBC}") = "AspNetCore.Cookie", "AspNetCore.Cookie\AspNetCore.Cookie.csproj", "{EF352187-9F1C-4A8B-BD9A-053599BD65AE}"
EndProject
Global
	GlobalSection(SolutionConfigurationPlatforms) = preSolution
		Debug|Any CPU = Debug|Any CPU
		Release|Any CPU = Release|Any CPU
	EndGlobalSection
	GlobalSection(ProjectConfigurationPlatforms) = postSolution
		{EF352187-9F1C-4A8B-BD9A-053599BD65AE}.Debug|Any CPU.ActiveCfg = Debug|Any CPU
		{EF352187-9F1C-4A8B-BD9A-053599BD65AE}.Debug|Any CPU.Build.0 = Debug|Any CPU
		{EF352187-9F1C-4A8B-BD9A-053599BD65AE}.Release|Any CPU.ActiveCfg = Release|Any CPU
		{EF352187-9F1C-4A8B-BD9A-053599BD65AE}.Release|Any CPU.Build.0 = Release|Any CPU
	EndGlobalSection
	GlobalSection(SolutionProperties) = preSolution
		HideSolutionNode = FALSE
	EndGlobalSection
	GlobalSection(ExtensibilityGlobals) = postSolution
		SolutionGuid = {F5401BB0-D2D4-47FC-9C92-C9CF3AC8C591}
	EndGlobalSection
EndGlobal
